
Microsoft Visual Studio Solution File, Format Version 12.00
# Visual Studio 15
VisualStudioVersion = 15.0.28307.168
MinimumVisualStudioVersion = 10.0.40219.1
Project("{9A19103F-16F7-4668-BE54-9A1E7A4F7556}") = "Archangel.Tests.BowlingGame", "Archangel.Tests.BowlingGame\Archangel.Tests.BowlingGame.csproj", "{15449124-1BD9-4D5C-84A2-9B2716D1534F}"
EndProject
Project("{9A19103F-16F7-4668-BE54-9A1E7A4F7556}") = "Archangel.Tests.BowlingGame.Tests", "Archangel.Tests.BowlingGame.Tests\Archangel.Tests.BowlingGame.Tests.csproj", "{BC1F6545-DB84-4B02-9BFC-98EBDC902C2B}"
EndProject
Project("{9A19103F-16F7-4668-BE54-9A1E7A4F7556}") = "Archangel.Tests.BowlingGame.Infrastructure", "Archangel.Tests.BowlingGame.Infrastructure\Archangel.Tests.BowlingGame.Infrastructure.csproj", "{E849B96B-24E6-421D-80C4-C9C403189A92}"
EndProject
Project("{FAE04EC0-301F-11D3-BF4B-00C04F79EFBC}") = "Archangel.Tests.BowlingGame.Common", "Archangel.Tests.BowlingGame.Common\Archangel.Tests.BowlingGame.Common.csproj", "{C17323A9-7220-4C9E-99AD-1F5BDEE8034D}"
EndProject
Global
	GlobalSection(SolutionConfigurationPlatforms) = preSolution
		Debug|Any CPU = Debug|Any CPU
		Release|Any CPU = Release|Any CPU
	EndGlobalSection
	GlobalSection(ProjectConfigurationPlatforms) = postSolution
		{15449124-1BD9-4D5C-84A2-9B2716D1534F}.Debug|Any CPU.ActiveCfg = Debug|Any CPU
		{15449124-1BD9-4D5C-84A2-9B2716D1534F}.Debug|Any CPU.Build.0 = Debug|Any CPU
		{15449124-1BD9-4D5C-84A2-9B2716D1534F}.Release|Any CPU.ActiveCfg = Release|Any CPU
		{15449124-1BD9-4D5C-84A2-9B2716D1534F}.Release|Any CPU.Build.0 = Release|Any CPU
		{BC1F6545-DB84-4B02-9BFC-98EBDC902C2B}.Debug|Any CPU.ActiveCfg = Debug|Any CPU
		{BC1F6545-DB84-4B02-9BFC-98EBDC902C2B}.Debug|Any CPU.Build.0 = Debug|Any CPU
		{BC1F6545-DB84-4B02-9BFC-98EBDC902C2B}.Release|Any CPU.ActiveCfg = Release|Any CPU
		{BC1F6545-DB84-4B02-9BFC-98EBDC902C2B}.Release|Any CPU.Build.0 = Release|Any CPU
		{E849B96B-24E6-421D-80C4-C9C403189A92}.Debug|Any CPU.ActiveCfg = Debug|Any CPU
		{E849B96B-24E6-421D-80C4-C9C403189A92}.Debug|Any CPU.Build.0 = Debug|Any CPU
		{E849B96B-24E6-421D-80C4-C9C403189A92}.Release|Any CPU.ActiveCfg = Release|Any CPU
		{E849B96B-24E6-421D-80C4-C9C403189A92}.Release|Any CPU.Build.0 = Release|Any CPU
		{C17323A9-7220-4C9E-99AD-1F5BDEE8034D}.Debug|Any CPU.ActiveCfg = Debug|Any CPU
		{C17323A9-7220-4C9E-99AD-1F5BDEE8034D}.Debug|Any CPU.Build.0 = Debug|Any CPU
		{C17323A9-7220-4C9E-99AD-1F5BDEE8034D}.Release|Any CPU.ActiveCfg = Release|Any CPU
		{C17323A9-7220-4C9E-99AD-1F5BDEE8034D}.Release|Any CPU.Build.0 = Release|Any CPU
	EndGlobalSection
	GlobalSection(SolutionProperties) = preSolution
		HideSolutionNode = FALSE
	EndGlobalSection
	GlobalSection(ExtensibilityGlobals) = postSolution
		SolutionGuid = {98BEFCB7-8620-426C-A104-2E2EF5D56499}
	EndGlobalSection
EndGlobal
